// !$*UTF8*$!
{
	archiveVersion = 1;
	classes = {
	};
	objectVersion = 46;
	objects = {

/* Begin PBXBuildFile section */
		3D6484151E766EF200A5AFE7 /* ViewControllerSample.swift in Sources */ = {isa = PBXBuildFile; fileRef = 3D6484141E766EF200A5AFE7 /* ViewControllerSample.swift */; };
		3DC0B52B1E73D6320097FFEE /* AppDelegate.swift in Sources */ = {isa = PBXBuildFile; fileRef = 3DCB6FC81E6E996100C1D0F1 /* AppDelegate.swift */; };
		3DC0B52C1E73D6340097FFEE /* ViewController.swift in Sources */ = {isa = PBXBuildFile; fileRef = 3DCB6FCA1E6E996100C1D0F1 /* ViewController.swift */; };
		3DC0B52E1E73E8860097FFEE /* SettingsViewController.swift in Sources */ = {isa = PBXBuildFile; fileRef = 3DC0B52D1E73E8860097FFEE /* SettingsViewController.swift */; };
		3DCB6FC91E6E996100C1D0F1 /* AppDelegate.swift in Sources */ = {isa = PBXBuildFile; fileRef = 3DCB6FC81E6E996100C1D0F1 /* AppDelegate.swift */; };
		3DCB6FCB1E6E996100C1D0F1 /* ViewController.swift in Sources */ = {isa = PBXBuildFile; fileRef = 3DCB6FCA1E6E996100C1D0F1 /* ViewController.swift */; };
		3DCB6FCE1E6E996100C1D0F1 /* Main.storyboard in Resources */ = {isa = PBXBuildFile; fileRef = 3DCB6FCC1E6E996100C1D0F1 /* Main.storyboard */; };
		3DCB6FD01E6E996100C1D0F1 /* Assets.xcassets in Resources */ = {isa = PBXBuildFile; fileRef = 3DCB6FCF1E6E996100C1D0F1 /* Assets.xcassets */; };
		3DCB6FD31E6E996100C1D0F1 /* LaunchScreen.storyboard in Resources */ = {isa = PBXBuildFile; fileRef = 3DCB6FD11E6E996100C1D0F1 /* LaunchScreen.storyboard */; };
		3DCB6FDE1E6E996100C1D0F1 /* TipCalculatorTests.swift in Sources */ = {isa = PBXBuildFile; fileRef = 3DCB6FDD1E6E996100C1D0F1 /* TipCalculatorTests.swift */; };
/* End PBXBuildFile section */

/* Begin PBXContainerItemProxy section */
		3DCB6FDA1E6E996100C1D0F1 /* PBXContainerItemProxy */ = {
			isa = PBXContainerItemProxy;
			containerPortal = 3DCB6FBD1E6E996100C1D0F1 /* Project object */;
			proxyType = 1;
			remoteGlobalIDString = 3DCB6FC41E6E996100C1D0F1;
			remoteInfo = TipCalculator;
		};
/* End PBXContainerItemProxy section */

/* Begin PBXFileReference section */
		3D6484141E766EF200A5AFE7 /* ViewControllerSample.swift */ = {isa = PBXFileReference; fileEncoding = 4; lastKnownFileType = sourcecode.swift; path = ViewControllerSample.swift; sourceTree = "<group>"; };
		3DC0B52D1E73E8860097FFEE /* SettingsViewController.swift */ = {isa = PBXFileReference; fileEncoding = 4; lastKnownFileType = sourcecode.swift; path = SettingsViewController.swift; sourceTree = "<group>"; };
		3DCB6FC51E6E996100C1D0F1 /* TipCalculator.app */ = {isa = PBXFileReference; explicitFileType = wrapper.application; includeInIndex = 0; path = TipCalculator.app; sourceTree = BUILT_PRODUCTS_DIR; };
		3DCB6FC81E6E996100C1D0F1 /* AppDelegate.swift */ = {isa = PBXFileReference; lastKnownFileType = sourcecode.swift; path = AppDelegate.swift; sourceTree = "<group>"; };
		3DCB6FCA1E6E996100C1D0F1 /* ViewController.swift */ = {isa = PBXFileReference; lastKnownFileType = sourcecode.swift; path = ViewController.swift; sourceTree = "<group>"; };
		3DCB6FCD1E6E996100C1D0F1 /* Base */ = {isa = PBXFileReference; lastKnownFileType = file.storyboard; name = Base; path = Base.lproj/Main.storyboard; sourceTree = "<group>"; };
		3DCB6FCF1E6E996100C1D0F1 /* Assets.xcassets */ = {isa = PBXFileReference; lastKnownFileType = folder.assetcatalog; path = Assets.xcassets; sourceTree = "<group>"; };
		3DCB6FD21E6E996100C1D0F1 /* Base */ = {isa = PBXFileReference; lastKnownFileType = file.storyboard; name = Base; path = Base.lproj/LaunchScreen.storyboard; sourceTree = "<group>"; };
		3DCB6FD41E6E996100C1D0F1 /* Info.plist */ = {isa = PBXFileReference; lastKnownFileType = text.plist.xml; path = Info.plist; sourceTree = "<group>"; };
		3DCB6FD91E6E996100C1D0F1 /* TipCalculatorTests.xctest */ = {isa = PBXFileReference; explicitFileType = wrapper.cfbundle; includeInIndex = 0; path = TipCalculatorTests.xctest; sourceTree = BUILT_PRODUCTS_DIR; };
		3DCB6FDD1E6E996100C1D0F1 /* TipCalculatorTests.swift */ = {isa = PBXFileReference; lastKnownFileType = sourcecode.swift; path = TipCalculatorTests.swift; sourceTree = "<group>"; };
		3DCB6FDF1E6E996100C1D0F1 /* Info.plist */ = {isa = PBXFileReference; lastKnownFileType = text.plist.xml; path = Info.plist; sourceTree = "<group>"; };
/* End PBXFileReference section */

/* Begin PBXFrameworksBuildPhase section */
		3DCB6FC21E6E996100C1D0F1 /* Frameworks */ = {
			isa = PBXFrameworksBuildPhase;
			buildActionMask = 2147483647;
			files = (
			);
			runOnlyForDeploymentPostprocessing = 0;
		};
		3DCB6FD61E6E996100C1D0F1 /* Frameworks */ = {
			isa = PBXFrameworksBuildPhase;
			buildActionMask = 2147483647;
			files = (
			);
			runOnlyForDeploymentPostprocessing = 0;
		};
/* End PBXFrameworksBuildPhase section */

/* Begin PBXGroup section */
		3DCB6FBC1E6E996100C1D0F1 = {
			isa = PBXGroup;
			children = (
				3DCB6FC71E6E996100C1D0F1 /* TipCalculator */,
				3DCB6FDC1E6E996100C1D0F1 /* TipCalculatorTests */,
				3DCB6FC61E6E996100C1D0F1 /* Products */,
			);
			sourceTree = "<group>";
		};
		3DCB6FC61E6E996100C1D0F1 /* Products */ = {
			isa = PBXGroup;
			children = (
				3DCB6FC51E6E996100C1D0F1 /* TipCalculator.app */,
				3DCB6FD91E6E996100C1D0F1 /* TipCalculatorTests.xctest */,
			);
			name = Products;
			sourceTree = "<group>";
		};
		3DCB6FC71E6E996100C1D0F1 /* TipCalculator */ = {
			isa = PBXGroup;
			children = (
				3DCB6FC81E6E996100C1D0F1 /* AppDelegate.swift */,
				3DC0B52D1E73E8860097FFEE /* SettingsViewController.swift */,
				3DCB6FCA1E6E996100C1D0F1 /* ViewController.swift */,
				3DCB6FCC1E6E996100C1D0F1 /* Main.storyboard */,
				3D6484141E766EF200A5AFE7 /* ViewControllerSample.swift */,
				3DCB6FCF1E6E996100C1D0F1 /* Assets.xcassets */,
				3DCB6FD11E6E996100C1D0F1 /* LaunchScreen.storyboard */,
				3DCB6FD41E6E996100C1D0F1 /* Info.plist */,
			);
			path = TipCalculator;
			sourceTree = "<group>";
		};
		3DCB6FDC1E6E996100C1D0F1 /* TipCalculatorTests */ = {
			isa = PBXGroup;
			children = (
				3DCB6FDD1E6E996100C1D0F1 /* TipCalculatorTests.swift */,
				3DCB6FDF1E6E996100C1D0F1 /* Info.plist */,
			);
			path = TipCalculatorTests;
			sourceTree = "<group>";
		};
/* End PBXGroup section */

/* Begin PBXNativeTarget section */
		3DCB6FC41E6E996100C1D0F1 /* TipCalculator */ = {
			isa = PBXNativeTarget;
			buildConfigurationList = 3DCB6FE21E6E996100C1D0F1 /* Build configuration list for PBXNativeTarget "TipCalculator" */;
			buildPhases = (
				3DCB6FC11E6E996100C1D0F1 /* Sources */,
				3DCB6FC21E6E996100C1D0F1 /* Frameworks */,
				3DCB6FC31E6E996100C1D0F1 /* Resources */,
			);
			buildRules = (
			);
			dependencies = (
			);
			name = TipCalculator;
			productName = TipCalculator;
			productReference = 3DCB6FC51E6E996100C1D0F1 /* TipCalculator.app */;
			productType = "com.apple.product-type.application";
		};
		3DCB6FD81E6E996100C1D0F1 /* TipCalculatorTests */ = {
			isa = PBXNativeTarget;
			buildConfigurationList = 3DCB6FE51E6E996100C1D0F1 /* Build configuration list for PBXNativeTarget "TipCalculatorTests" */;
			buildPhases = (
				3DCB6FD51E6E996100C1D0F1 /* Sources */,
				3DCB6FD61E6E996100C1D0F1 /* Frameworks */,
				3DCB6FD71E6E996100C1D0F1 /* Resources */,
			);
			buildRules = (
			);
			dependencies = (
				3DCB6FDB1E6E996100C1D0F1 /* PBXTargetDependency */,
			);
			name = TipCalculatorTests;
			productName = TipCalculatorTests;
			productReference = 3DCB6FD91E6E996100C1D0F1 /* TipCalculatorTests.xctest */;
			productType = "com.apple.product-type.bundle.unit-test";
		};
/* End PBXNativeTarget section */

/* Begin PBXProject section */
		3DCB6FBD1E6E996100C1D0F1 /* Project object */ = {
			isa = PBXProject;
			attributes = {
				LastSwiftUpdateCheck = 0820;
				LastUpgradeCheck = 0820;
				ORGANIZATIONNAME = Home;
				TargetAttributes = {
					3DCB6FC41E6E996100C1D0F1 = {
						CreatedOnToolsVersion = 8.2.1;
						ProvisioningStyle = Automatic;
					};
					3DCB6FD81E6E996100C1D0F1 = {
						CreatedOnToolsVersion = 8.2.1;
						ProvisioningStyle = Automatic;
						TestTargetID = 3DCB6FC41E6E996100C1D0F1;
					};
				};
			};
			buildConfigurationList = 3DCB6FC01E6E996100C1D0F1 /* Build configuration list for PBXProject "TipCalculator" */;
			compatibilityVersion = "Xcode 3.2";
			developmentRegion = English;
			hasScannedForEncodings = 0;
			knownRegions = (
				en,
				Base,
			);
			mainGroup = 3DCB6FBC1E6E996100C1D0F1;
			productRefGroup = 3DCB6FC61E6E996100C1D0F1 /* Products */;
			projectDirPath = "";
			projectRoot = "";
			targets = (
				3DCB6FC41E6E996100C1D0F1 /* TipCalculator */,
				3DCB6FD81E6E996100C1D0F1 /* TipCalculatorTests */,
			);
		};
/* End PBXProject section */

/* Begin PBXResourcesBuildPhase section */
		3DCB6FC31E6E996100C1D0F1 /* Resources */ = {
			isa = PBXResourcesBuildPhase;
			buildActionMask = 2147483647;
			files = (
				3DCB6FD31E6E996100C1D0F1 /* LaunchScreen.storyboard in Resources */,
				3DCB6FD01E6E996100C1D0F1 /* Assets.xcassets in Resources */,
				3DCB6FCE1E6E996100C1D0F1 /* Main.storyboard in Resources */,
			);
			runOnlyForDeploymentPostprocessing = 0;
		};
		3DCB6FD71E6E996100C1D0F1 /* Resources */ = {
			isa = PBXResourcesBuildPhase;
			buildActionMask = 2147483647;
			files = (
			);
			runOnlyForDeploymentPostprocessing = 0;
		};
/* End PBXResourcesBuildPhase section */

/* Begin PBXSourcesBuildPhase section */
		3DCB6FC11E6E996100C1D0F1 /* Sources */ = {
			isa = PBXSourcesBuildPhase;
			buildActionMask = 2147483647;
			files = (
				3DCB6FCB1E6E996100C1D0F1 /* ViewController.swift in Sources */,
				3DC0B52E1E73E8860097FFEE /* SettingsViewController.swift in Sources */,
				3D6484151E766EF200A5AFE7 /* ViewControllerSample.swift in Sources */,
				3DCB6FC91E6E996100C1D0F1 /* AppDelegate.swift in Sources */,
			);
			runOnlyForDeploymentPostprocessing = 0;
		};
		3DCB6FD51E6E996100C1D0F1 /* Sources */ = {
			isa = PBXSourcesBuildPhase;
			buildActionMask = 2147483647;
			files = (
				3DC0B52B1E73D6320097FFEE /* AppDelegate.swift in Sources */,
				3DCB6FDE1E6E996100C1D0F1 /* TipCalculatorTests.swift in Sources */,
				3DC0B52C1E73D6340097FFEE /* ViewController.swift in Sources */,
			);
			runOnlyForDeploymentPostprocessing = 0;
		};
/* End PBXSourcesBuildPhase section */

/* Begin PBXTargetDependency section */
		3DCB6FDB1E6E996100C1D0F1 /* PBXTargetDependency */ = {
			isa = PBXTargetDependency;
			target = 3DCB6FC41E6E996100C1D0F1 /* TipCalculator */;
			targetProxy = 3DCB6FDA1E6E996100C1D0F1 /* PBXContainerItemProxy */;
		};
/* End PBXTargetDependency section */

/* Begin PBXVariantGroup section */
		3DCB6FCC1E6E996100C1D0F1 /* Main.storyboard */ = {
			isa = PBXVariantGroup;
			children = (
				3DCB6FCD1E6E996100C1D0F1 /* Base */,
			);
			name = Main.storyboard;
			sourceTree = "<group>";
		};
		3DCB6FD11E6E996100C1D0F1 /* LaunchScreen.storyboard */ = {
			isa = PBXVariantGroup;
			children = (
				3DCB6FD21E6E996100C1D0F1 /* Base */,
			);
			name = LaunchScreen.storyboard;
			sourceTree = "<group>";
		};
/* End PBXVariantGroup section */

/* Begin XCBuildConfiguration section */
		3DCB6FE01E6E996100C1D0F1 /* Debug */ = {
			isa = XCBuildConfiguration;
			buildSettings = {
				ALWAYS_SEARCH_USER_PATHS = NO;
				CLANG_ANALYZER_NONNULL = YES;
				CLANG_CXX_LANGUAGE_STANDARD = "gnu++0x";
				CLANG_CXX_LIBRARY = "libc++";
				CLANG_ENABLE_MODULES = YES;
				CLANG_ENABLE_OBJC_ARC = YES;
				CLANG_WARN_BOOL_CONVERSION = YES;
				CLANG_WARN_CONSTANT_CONVERSION = YES;
				CLANG_WARN_DIRECT_OBJC_ISA_USAGE = YES_ERROR;
				CLANG_WARN_DOCUMENTATION_COMMENTS = YES;
				CLANG_WARN_EMPTY_BODY = YES;
				CLANG_WARN_ENUM_CONVERSION = YES;
				CLANG_WARN_INFINITE_RECURSION = YES;
				CLANG_WARN_INT_CONVERSION = YES;
				CLANG_WARN_OBJC_ROOT_CLASS = YES_ERROR;
				CLANG_WARN_SUSPICIOUS_MOVE = YES;
				CLANG_WARN_UNREACHABLE_CODE = YES;
				CLANG_WARN__DUPLICATE_METHOD_MATCH = YES;
				"CODE_SIGN_IDENTITY[sdk=iphoneos*]" = "iPhone Developer";
				COPY_PHASE_STRIP = NO;
				DEBUG_INFORMATION_FORMAT = dwarf;
				ENABLE_STRICT_OBJC_MSGSEND = YES;
				ENABLE_TESTABILITY = YES;
				GCC_C_LANGUAGE_STANDARD = gnu99;
				GCC_DYNAMIC_NO_PIC = NO;
				GCC_NO_COMMON_BLOCKS = YES;
				GCC_OPTIMIZATION_LEVEL = 0;
				GCC_PREPROCESSOR_DEFINITIONS = (
					"DEBUG=1",
					"$(inherited)",
				);
				GCC_WARN_64_TO_32_BIT_CONVERSION = YES;
				GCC_WARN_ABOUT_RETURN_TYPE = YES_ERROR;
				GCC_WARN_UNDECLARED_SELECTOR = YES;
				GCC_WARN_UNINITIALIZED_AUTOS = YES_AGGRESSIVE;
				GCC_WARN_UNUSED_FUNCTION = YES;
				GCC_WARN_UNUSED_VARIABLE = YES;
				IPHONEOS_DEPLOYMENT_TARGET = 10.2;
				MTL_ENABLE_DEBUG_INFO = YES;
				ONLY_ACTIVE_ARCH = YES;
				SDKROOT = iphoneos;
				SWIFT_ACTIVE_COMPILATION_CONDITIONS = DEBUG;
				SWIFT_OPTIMIZATION_LEVEL = "-Onone";
				TARGETED_DEVICE_FAMILY = "1,2";
			};
			name = Debug;
		};
		3DCB6FE11E6E996100C1D0F1 /* Release */ = {
			isa = XCBuildConfiguration;
			buildSettings = {
				ALWAYS_SEARCH_USER_PATHS = NO;
				CLANG_ANALYZER_NONNULL = YES;
				CLANG_CXX_LANGUAGE_STANDARD = "gnu++0x";
				CLANG_CXX_LIBRARY = "libc++";
				CLANG_ENABLE_MODULES = YES;
				CLANG_ENABLE_OBJC_ARC = YES;
				CLANG_WARN_BOOL_CONVERSION = YES;
				CLANG_WARN_CONSTANT_CONVERSION = YES;
				CLANG_WARN_DIRECT_OBJC_ISA_USAGE = YES_ERROR;
				CLANG_WARN_DOCUMENTATION_COMMENTS = YES;
				CLANG_WARN_EMPTY_BODY = YES;
				CLANG_WARN_ENUM_CONVERSION = YES;
				CLANG_WARN_INFINITE_RECURSION = YES;
				CLANG_WARN_INT_CONVERSION = YES;
				CLANG_WARN_OBJC_ROOT_CLASS = YES_ERROR;
				CLANG_WARN_SUSPICIOUS_MOVE = YES;
				CLANG_WARN_UNREACHABLE_CODE = YES;
				CLANG_WARN__DUPLICATE_METHOD_MATCH = YES;
				"CODE_SIGN_IDENTITY[sdk=iphoneos*]" = "iPhone Developer";
				COPY_PHASE_STRIP = NO;
				DEBUG_INFORMATION_FORMAT = "dwarf-with-dsym";
				ENABLE_NS_ASSERTIONS = NO;
				ENABLE_STRICT_OBJC_MSGSEND = YES;
				GCC_C_LANGUAGE_STANDARD = gnu99;
				GCC_NO_COMMON_BLOCKS = YES;
				GCC_WARN_64_TO_32_BIT_CONVERSION = YES;
				GCC_WARN_ABOUT_RETURN_TYPE = YES_ERROR;
				GCC_WARN_UNDECLARED_SELECTOR = YES;
				GCC_WARN_UNINITIALIZED_AUTOS = YES_AGGRESSIVE;
				GCC_WARN_UNUSED_FUNCTION = YES;
				GCC_WARN_UNUSED_VARIABLE = YES;
				IPHONEOS_DEPLOYMENT_TARGET = 10.2;
				MTL_ENABLE_DEBUG_INFO = NO;
				SDKROOT = iphoneos;
				SWIFT_OPTIMIZATION_LEVEL = "-Owholemodule";
				TARGETED_DEVICE_FAMILY = "1,2";
				VALIDATE_PRODUCT = YES;
			};
			name = Release;
		};
		3DCB6FE31E6E996100C1D0F1 /* Debug */ = {
			isa = XCBuildConfiguration;
			buildSettings = {
				ASSETCATALOG_COMPILER_APPICON_NAME = AppIcon;
				INFOPLIST_FILE = TipCalculator/Info.plist;
				LD_RUNPATH_SEARCH_PATHS = "$(inherited) @executable_path/Frameworks";
				PRODUCT_BUNDLE_IDENTIFIER = home1.TipCalculator;
				PRODUCT_NAME = "$(TARGET_NAME)";
				SWIFT_VERSION = 3.0;
			};
			name = Debug;
		};
		3DCB6FE41E6E996100C1D0F1 /* Release */ = {
			isa = XCBuildConfiguration;
			buildSettings = {
				ASSETCATALOG_COMPILER_APPICON_NAME = AppIcon;
				INFOPLIST_FILE = TipCalculator/Info.plist;
				LD_RUNPATH_SEARCH_PATHS = "$(inherited) @executable_path/Frameworks";
				PRODUCT_BUNDLE_IDENTIFIER = home1.TipCalculator;
				PRODUCT_NAME = "$(TARGET_NAME)";
				SWIFT_VERSION = 3.0;
			};
			name = Release;
		};
		3DCB6FE61E6E996100C1D0F1 /* Debug */ = {
			isa = XCBuildConfiguration;
			buildSettings = {
				ALWAYS_EMBED_SWIFT_STANDARD_LIBRARIES = YES;
				BUNDLE_LOADER = "$(TEST_HOST)";
				INFOPLIST_FILE = TipCalculatorTests/Info.plist;
				LD_RUNPATH_SEARCH_PATHS = "$(inherited) @executable_path/Frameworks @loader_path/Frameworks";
				PRODUCT_BUNDLE_IDENTIFIER = home1.TipCalculatorTests;
				PRODUCT_NAME = "$(TARGET_NAME)";
				SWIFT_VERSION = 3.0;
				TEST_HOST = "$(BUILT_PRODUCTS_DIR)/TipCalculator.app/TipCalculator";
			};
			name = Debug;
		};
		3DCB6FE71E6E996100C1D0F1 /* Release */ = {
			isa = XCBuildConfiguration;
			buildSettings = {
				ALWAYS_EMBED_SWIFT_STANDARD_LIBRARIES = YES;
				BUNDLE_LOADER = "$(TEST_HOST)";
				INFOPLIST_FILE = TipCalculatorTests/Info.plist;
				LD_RUNPATH_SEARCH_PATHS = "$(inherited) @executable_path/Frameworks @loader_path/Frameworks";
				PRODUCT_BUNDLE_IDENTIFIER = home1.TipCalculatorTests;
				PRODUCT_NAME = "$(TARGET_NAME)";
				SWIFT_VERSION = 3.0;
				TEST_HOST = "$(BUILT_PRODUCTS_DIR)/TipCalculator.app/TipCalculator";
			};
			name = Release;
		};
/* End XCBuildConfiguration section */

/* Begin XCConfigurationList section */
		3DCB6FC01E6E996100C1D0F1 /* Build configuration list for PBXProject "TipCalculator" */ = {
			isa = XCConfigurationList;
			buildConfigurations = (
				3DCB6FE01E6E996100C1D0F1 /* Debug */,
				3DCB6FE11E6E996100C1D0F1 /* Release */,
			);
			defaultConfigurationIsVisible = 0;
			defaultConfigurationName = Release;
		};
		3DCB6FE21E6E996100C1D0F1 /* Build configuration list for PBXNativeTarget "TipCalculator" */ = {
			isa = XCConfigurationList;
			buildConfigurations = (
				3DCB6FE31E6E996100C1D0F1 /* Debug */,
				3DCB6FE41E6E996100C1D0F1 /* Release */,
			);
			defaultConfigurationIsVisible = 0;
			defaultConfigurationName = Release;
		};
		3DCB6FE51E6E996100C1D0F1 /* Build configuration list for PBXNativeTarget "TipCalculatorTests" */ = {
			isa = XCConfigurationList;
			buildConfigurations = (
				3DCB6FE61E6E996100C1D0F1 /* Debug */,
				3DCB6FE71E6E996100C1D0F1 /* Release */,
			);
			defaultConfigurationIsVisible = 0;
			defaultConfigurationName = Release;
		};
/* End XCConfigurationList section */
	};
	rootObject = 3DCB6FBD1E6E996100C1D0F1 /* Project object */;
}
